
Microsoft Visual Studio Solution File, Format Version 12.00
# Visual Studio 15
VisualStudioVersion = 15.0.28307.106
MinimumVisualStudioVersion = 10.0.40219.1
Project("{FAE04EC0-301F-11D3-BF4B-00C04F79EFBC}") = "ResonantPitchingModes", "ResonantPitchingModes\ResonantPitchingModes.csproj", "{B9D878D0-62E6-454C-9C78-EA9353A84258}"
EndProject
Global
	GlobalSection(SolutionConfigurationPlatforms) = preSolution
		Debug|Any CPU = Debug|Any CPU
		Release|Any CPU = Release|Any CPU
	EndGlobalSection
	GlobalSection(ProjectConfigurationPlatforms) = postSolution
		{B9D878D0-62E6-454C-9C78-EA9353A84258}.Debug|Any CPU.ActiveCfg = Debug|Any CPU
		{B9D878D0-62E6-454C-9C78-EA9353A84258}.Debug|Any CPU.Build.0 = Debug|Any CPU
		{B9D878D0-62E6-454C-9C78-EA9353A84258}.Release|Any CPU.ActiveCfg = Release|Any CPU
		{B9D878D0-62E6-454C-9C78-EA9353A84258}.Release|Any CPU.Build.0 = Release|Any CPU
	EndGlobalSection
	GlobalSection(SolutionProperties) = preSolution
		HideSolutionNode = FALSE
	EndGlobalSection
	GlobalSection(ExtensibilityGlobals) = postSolution
		SolutionGuid = {99896FDD-B641-4D62-89E8-7D3064CF0885}
	EndGlobalSection
EndGlobal
